{
  "name": "easy-dict",
  "version": "1.5.1",
  "lockfileVersion": 1,
  "requires": true,
  "dependencies": {
    "agent-base": {
      "version": "4.2.1",
      "resolved": "http://r.npm.sankuai.com/agent-base/download/agent-base-4.2.1.tgz",
      "integrity": "sha1-2J5ZmfeXh1Z0wH2H8mD8Qeg+jKk=",
      "requires": {
        "es6-promisify": "5.0.0"
      }
    },
    "ansi-escapes": {
      "version": "3.1.0",
      "resolved": "http://r.npm.sankuai.com/ansi-escapes/download/ansi-escapes-3.1.0.tgz",
      "integrity": "sha1-9zIHu4EgfXX9bIPxJa8m7qN4yjA="
    },
    "ansi-regex": {
      "version": "3.0.0",
      "resolved": "http://r.npm.sankuai.com/ansi-regex/download/ansi-regex-3.0.0.tgz",
      "integrity": "sha1-7QMXwyIGT3lGbAKWa922Bas32Zg="
    },
    "ansi-styles": {
      "version": "3.2.1",
      "resolved": "http://r.npm.sankuai.com/ansi-styles/download/ansi-styles-3.2.1.tgz",
      "integrity": "sha1-QfuyAkPlCxK+DwS43tvwdSDOhB0=",
      "requires": {
        "color-convert": "1.9.2"
      }
    },
    "async-limiter": {
      "version": "1.0.0",
      "resolved": "http://r.npm.sankuai.com/async-limiter/download/async-limiter-1.0.0.tgz",
      "integrity": "sha1-ePrtjD0HSrgfIrTphdeehzj3IPg="
    },
    "balanced-match": {
      "version": "1.0.0",
      "resolved": "http://r.npm.sankuai.com/balanced-match/download/balanced-match-1.0.0.tgz",
      "integrity": "sha1-ibTRmasr7kneFk6gK4nORi1xt2c="
    },
    "blessed": {
      "version": "0.1.81",
      "resolved": "http://r.npm.sankuai.com/blessed/download/blessed-0.1.81.tgz",
      "integrity": "sha1-+WLWh+wsNpVwrnGvhDJW5tDKESk="
    },
    "brace-expansion": {
      "version": "1.1.11",
      "resolved": "http://r.npm.sankuai.com/brace-expansion/download/brace-expansion-1.1.11.tgz",
      "integrity": "sha1-PH/L9SnYcibz0vUrlm/1Jx60Qd0=",
      "requires": {
        "balanced-match": "1.0.0",
        "concat-map": "0.0.1"
      }
    },
    "buffer-from": {
      "version": "1.1.0",
      "resolved": "http://r.npm.sankuai.com/buffer-from/download/buffer-from-1.1.0.tgz",
      "integrity": "sha1-h/yqOimDWOCt5uRCz86EB0DRrQQ="
    },
    "chalk": {
      "version": "2.4.1",
      "resolved": "http://r.npm.sankuai.com/chalk/download/chalk-2.4.1.tgz",
      "integrity": "sha1-GMSasWoDe26wFSzIPjRxM4IVtm4=",
      "requires": {
        "ansi-styles": "3.2.1",
        "escape-string-regexp": "1.0.5",
        "supports-color": "5.4.0"
      }
    },
    "chardet": {
      "version": "0.4.2",
      "resolved": "http://r.npm.sankuai.com/chardet/download/chardet-0.4.2.tgz",
      "integrity": "sha1-tUc7M9yXxCTl2Y3IfVXU2KKci/I="
    },
    "circular-json": {
      "version": "0.5.5",
      "resolved": "http://r.npm.sankuai.com/circular-json/download/circular-json-0.5.5.tgz",
      "integrity": "sha1-ZBgu81kELTfNjnZ/yd6Hix6UR9M="
    },
    "cli-cursor": {
      "version": "2.1.0",
      "resolved": "http://r.npm.sankuai.com/cli-cursor/download/cli-cursor-2.1.0.tgz",
      "integrity": "sha1-s12sN2R5+sw+lHR9QdDQ9SOP/LU=",
      "requires": {
        "restore-cursor": "2.0.0"
      }
    },
    "cli-spinners": {
      "version": "1.3.1",
      "resolved": "http://r.npm.sankuai.com/cli-spinners/download/cli-spinners-1.3.1.tgz",
      "integrity": "sha1-ACwZkJEtDVlYDJO9NsBW3pnkJZo="
    },
    "cli-width": {
      "version": "2.2.0",
      "resolved": "http://r.npm.sankuai.com/cli-width/download/cli-width-2.2.0.tgz",
      "integrity": "sha1-/xnt6Kml5XkyQUewwR8PvLq+1jk="
    },
    "clone": {
      "version": "1.0.4",
      "resolved": "http://r.npm.sankuai.com/clone/download/clone-1.0.4.tgz",
      "integrity": "sha1-2jCcwmPfFZlMaIypAheco8fNfH4="
    },
    "color-convert": {
      "version": "1.9.2",
      "resolved": "http://r.npm.sankuai.com/color-convert/download/color-convert-1.9.2.tgz",
      "integrity": "sha1-SYgbj7pn3xKpa98/VsCqueeRMUc=",
      "requires": {
        "color-name": "1.1.1"
      }
    },
    "color-name": {
      "version": "1.1.1",
      "resolved": "http://r.npm.sankuai.com/color-name/download/color-name-1.1.1.tgz",
      "integrity": "sha1-SxQVMEz1ACjqgWQ2Q72C6gWANok="
    },
    "commander": {
      "version": "2.16.0",
      "resolved": "http://r.npm.sankuai.com/commander/download/commander-2.16.0.tgz",
      "integrity": "sha1-8WOQWTmWzrTz7rAgsx14Uo9/ilA="
    },
    "concat-map": {
      "version": "0.0.1",
      "resolved": "http://r.npm.sankuai.com/concat-map/download/concat-map-0.0.1.tgz",
      "integrity": "sha1-2Klr13/Wjfd5OnMDajug1UBdR3s="
    },
    "concat-stream": {
      "version": "1.6.2",
      "resolved": "http://r.npm.sankuai.com/concat-stream/download/concat-stream-1.6.2.tgz",
      "integrity": "sha1-kEvfGUzTEi/Gdcd/xKw9T/D9GjQ=",
      "requires": {
        "buffer-from": "1.1.0",
        "inherits": "2.0.3",
        "readable-stream": "2.3.6",
        "typedarray": "0.0.6"
      }
    },
    "core-util-is": {
      "version": "1.0.2",
      "resolved": "http://r.npm.sankuai.com/core-util-is/download/core-util-is-1.0.2.tgz",
      "integrity": "sha1-tf1UIgqivFq1eqtxQMlAdUUDwac="
    },
    "cross-spawn": {
      "version": "6.0.5",
      "resolved": "http://r.npm.sankuai.com/cross-spawn/download/cross-spawn-6.0.5.tgz",
      "integrity": "sha1-Sl7Hxk364iw6FBJNus3uhG2Ay8Q=",
      "requires": {
        "nice-try": "1.0.4",
        "path-key": "2.0.1",
        "semver": "5.5.0",
        "shebang-command": "1.2.0",
        "which": "1.3.1"
      }
    },
    "date-format": {
      "version": "1.2.0",
      "resolved": "http://r.npm.sankuai.com/date-format/download/date-format-1.2.0.tgz",
      "integrity": "sha1-YV6CjiM90aubua4JUODOzPpuytg="
    },
    "debug": {
      "version": "3.1.0",
      "resolved": "http://r.npm.sankuai.com/debug/download/debug-3.1.0.tgz",
      "integrity": "sha1-W7WgZyYotkFJVmuhaBnmFRjGcmE=",
      "requires": {
        "ms": "2.0.0"
      }
    },
    "defaults": {
      "version": "1.0.3",
      "resolved": "http://r.npm.sankuai.com/defaults/download/defaults-1.0.3.tgz",
      "integrity": "sha1-xlYFHpgX2f8I7YgUd/P+QBnz730=",
      "requires": {
        "clone": "1.0.4"
      }
    },
    "es6-promise": {
      "version": "4.2.4",
      "resolved": "http://r.npm.sankuai.com/es6-promise/download/es6-promise-4.2.4.tgz",
      "integrity": "sha1-3EIhwrFlGHYL2MOaUtjzVvwA7Sk="
    },
    "es6-promisify": {
      "version": "5.0.0",
      "resolved": "http://r.npm.sankuai.com/es6-promisify/download/es6-promisify-5.0.0.tgz",
      "integrity": "sha1-UQnWLz5W6pZ8S2NQWu8IKRyKUgM=",
      "requires": {
        "es6-promise": "4.2.4"
      }
    },
    "escape-string-regexp": {
      "version": "1.0.5",
      "resolved": "http://r.npm.sankuai.com/escape-string-regexp/download/escape-string-regexp-1.0.5.tgz",
      "integrity": "sha1-G2HAViGQqN/2rjuyzwIAyhMLhtQ="
    },
    "execa": {
      "version": "0.10.0",
      "resolved": "http://r.npm.sankuai.com/execa/download/execa-0.10.0.tgz",
      "integrity": "sha1-/0Vqj1P5D47MxxqW0Rvfx/CCy1A=",
      "requires": {
        "cross-spawn": "6.0.5",
        "get-stream": "3.0.0",
        "is-stream": "1.1.0",
        "npm-run-path": "2.0.2",
        "p-finally": "1.0.0",
        "signal-exit": "3.0.2",
        "strip-eof": "1.0.0"
      }
    },
    "external-editor": {
      "version": "2.2.0",
      "resolved": "http://r.npm.sankuai.com/external-editor/download/external-editor-2.2.0.tgz",
      "integrity": "sha1-BFURz9jRM/OEZnPRBHwVTiFK09U=",
      "requires": {
        "chardet": "0.4.2",
        "iconv-lite": "0.4.23",
        "tmp": "0.0.33"
      }
    },
    "extract-zip": {
      "version": "1.6.7",
      "resolved": "http://r.npm.sankuai.com/extract-zip/download/extract-zip-1.6.7.tgz",
      "integrity": "sha1-qEC0uK9kAyZMjbV/Txp0Mz74H+k=",
      "requires": {
        "concat-stream": "1.6.2",
        "debug": "2.6.9",
        "mkdirp": "0.5.1",
        "yauzl": "2.4.1"
      },
      "dependencies": {
        "debug": {
          "version": "2.6.9",
          "resolved": "http://r.npm.sankuai.com/debug/download/debug-2.6.9.tgz",
          "integrity": "sha1-XRKFFd8TT/Mn6QpMk/Tgd6U2NB8=",
          "requires": {
            "ms": "2.0.0"
          }
        }
      }
    },
    "fd-slicer": {
      "version": "1.0.1",
      "resolved": "http://r.npm.sankuai.com/fd-slicer/download/fd-slicer-1.0.1.tgz",
      "integrity": "sha1-i1vL2ewyfFBBv5qwI/1nUPEXfmU=",
      "requires": {
        "pend": "1.2.0"
      }
    },
    "figures": {
      "version": "2.0.0",
      "resolved": "http://r.npm.sankuai.com/figures/download/figures-2.0.0.tgz",
      "integrity": "sha1-OrGi0qYsi/tDGgyUy3l6L84nyWI=",
      "requires": {
        "escape-string-regexp": "1.0.5"
      }
    },
    "fs.realpath": {
      "version": "1.0.0",
      "resolved": "http://r.npm.sankuai.com/fs.realpath/download/fs.realpath-1.0.0.tgz",
      "integrity": "sha1-FQStJSMVjKpA20onh8sBQRmU6k8="
    },
    "get-stream": {
      "version": "3.0.0",
      "resolved": "http://r.npm.sankuai.com/get-stream/download/get-stream-3.0.0.tgz",
      "integrity": "sha1-jpQ9E1jcN1VQVOy+LtsFqhdO3hQ="
    },
    "glob": {
      "version": "7.1.2",
      "resolved": "http://r.npm.sankuai.com/glob/download/glob-7.1.2.tgz",
      "integrity": "sha1-wZyd+aAocC1nhhI4SmVSQExjbRU=",
      "requires": {
        "fs.realpath": "1.0.0",
        "inflight": "1.0.6",
        "inherits": "2.0.3",
        "minimatch": "3.0.4",
        "once": "1.4.0",
        "path-is-absolute": "1.0.1"
      }
    },
    "has-flag": {
      "version": "3.0.0",
      "resolved": "http://r.npm.sankuai.com/has-flag/download/has-flag-3.0.0.tgz",
      "integrity": "sha1-tdRU3CGZriJWmfNGfloH87lVuv0="
    },
    "https-proxy-agent": {
      "version": "2.2.1",
      "resolved": "http://r.npm.sankuai.com/https-proxy-agent/download/https-proxy-agent-2.2.1.tgz",
      "integrity": "sha1-UVUpcPoE1yPgTFbQQXjD+SWSu8A=",
      "requires": {
        "agent-base": "4.2.1",
        "debug": "3.1.0"
      }
    },
    "iconv-lite": {
      "version": "0.4.23",
      "resolved": "http://r.npm.sankuai.com/iconv-lite/download/iconv-lite-0.4.23.tgz",
      "integrity": "sha1-KXhx9jvlB63Pv8pxXQzQ7thOmmM=",
      "requires": {
        "safer-buffer": "2.1.2"
      }
    },
    "inflight": {
      "version": "1.0.6",
      "resolved": "http://r.npm.sankuai.com/inflight/download/inflight-1.0.6.tgz",
      "integrity": "sha1-Sb1jMdfQLQwJvJEKEHW6gWW1bfk=",
      "requires": {
        "once": "1.4.0",
        "wrappy": "1.0.2"
      }
    },
    "inherits": {
      "version": "2.0.3",
      "resolved": "http://r.npm.sankuai.com/inherits/download/inherits-2.0.3.tgz",
      "integrity": "sha1-Yzwsg+PaQqUC9SRmAiSA9CCCYd4="
    },
    "inquirer": {
      "version": "5.2.0",
      "resolved": "http://r.npm.sankuai.com/inquirer/download/inquirer-5.2.0.tgz",
      "integrity": "sha1-2zUMK3Paynf/EkOWLp8i8JloVyY=",
      "requires": {
        "ansi-escapes": "3.1.0",
        "chalk": "2.4.1",
        "cli-cursor": "2.1.0",
        "cli-width": "2.2.0",
        "external-editor": "2.2.0",
        "figures": "2.0.0",
        "lodash": "4.17.10",
        "mute-stream": "0.0.7",
        "run-async": "2.3.0",
        "rxjs": "5.5.11",
        "string-width": "2.1.1",
        "strip-ansi": "4.0.0",
        "through": "2.3.8"
      }
    },
    "is-fullwidth-code-point": {
      "version": "2.0.0",
      "resolved": "http://r.npm.sankuai.com/is-fullwidth-code-point/download/is-fullwidth-code-point-2.0.0.tgz",
      "integrity": "sha1-o7MKXE8ZkYMWeqq5O+764937ZU8="
    },
    "is-promise": {
      "version": "2.1.0",
      "resolved": "http://r.npm.sankuai.com/is-promise/download/is-promise-2.1.0.tgz",
      "integrity": "sha1-eaKp7OfwlugPNtKy87wWwf9L8/o="
    },
    "is-stream": {
      "version": "1.1.0",
      "resolved": "http://r.npm.sankuai.com/is-stream/download/is-stream-1.1.0.tgz",
      "integrity": "sha1-EtSj3U5o4Lec6428hBc66A2RykQ="
    },
    "isarray": {
      "version": "1.0.0",
      "resolved": "http://r.npm.sankuai.com/isarray/download/isarray-1.0.0.tgz",
      "integrity": "sha1-u5NdSFgsuhaMBoNJV6VKPgcSTxE="
    },
    "isexe": {
      "version": "2.0.0",
      "resolved": "http://r.npm.sankuai.com/isexe/download/isexe-2.0.0.tgz",
      "integrity": "sha1-6PvzdNxVb/iUehDcsFctYz8s+hA="
    },
    "lodash": {
      "version": "4.17.10",
      "resolved": "http://r.npm.sankuai.com/lodash/download/lodash-4.17.10.tgz",
      "integrity": "sha1-G3eTz3JZ6jj7NmHU04syYK+K5Oc="
    },
    "log-symbols": {
      "version": "2.2.0",
      "resolved": "http://r.npm.sankuai.com/log-symbols/download/log-symbols-2.2.0.tgz",
      "integrity": "sha1-V0Dhxdbw39pK2TI7UzIQfva0xAo=",
      "requires": {
        "chalk": "2.4.1"
      }
    },
    "log4js": {
      "version": "3.0.3",
      "resolved": "http://r.npm.sankuai.com/log4js/download/log4js-3.0.3.tgz",
      "integrity": "sha1-tLpOveV7UaahMjKaU7dJMKLvvKE=",
      "requires": {
        "circular-json": "0.5.5",
        "date-format": "1.2.0",
        "debug": "3.1.0",
        "streamroller": "0.7.0"
      }
    },
    "mime": {
      "version": "2.3.1",
      "resolved": "http://r.npm.sankuai.com/mime/download/mime-2.3.1.tgz",
      "integrity": "sha1-sWIcVNY7l8R9PP5/chX31kUXw2k="
    },
    "mimic-fn": {
      "version": "1.2.0",
      "resolved": "http://r.npm.sankuai.com/mimic-fn/download/mimic-fn-1.2.0.tgz",
      "integrity": "sha1-ggyGo5M0ZA6ZUWkovQP8qIBX0CI="
    },
    "minimatch": {
      "version": "3.0.4",
      "resolved": "http://r.npm.sankuai.com/minimatch/download/minimatch-3.0.4.tgz",
      "integrity": "sha1-UWbihkV/AzBgZL5Ul+jbsMPTIIM=",
      "requires": {
        "brace-expansion": "1.1.11"
      }
    },
    "minimist": {
      "version": "0.0.8",
      "resolved": "http://r.npm.sankuai.com/minimist/download/minimist-0.0.8.tgz",
      "integrity": "sha1-hX/Kv8M5fSYluCKCYuhqp6ARsF0="
    },
    "mkdirp": {
      "version": "0.5.1",
      "resolved": "http://r.npm.sankuai.com/mkdirp/download/mkdirp-0.5.1.tgz",
      "integrity": "sha1-MAV0OOrGz3+MR2fzhkjWaX11yQM=",
      "requires": {
        "minimist": "0.0.8"
      }
    },
    "ms": {
      "version": "2.0.0",
      "resolved": "http://r.npm.sankuai.com/ms/download/ms-2.0.0.tgz",
      "integrity": "sha1-VgiurfwAvmwpAd9fmGF4jeDVl8g="
    },
    "mute-stream": {
      "version": "0.0.7",
      "resolved": "http://r.npm.sankuai.com/mute-stream/download/mute-stream-0.0.7.tgz",
      "integrity": "sha1-MHXOk7whuPq0PhvE2n6BFe0ee6s="
    },
    "nice-try": {
      "version": "1.0.4",
      "resolved": "http://r.npm.sankuai.com/nice-try/download/nice-try-1.0.4.tgz",
      "integrity": "sha1-2Tli9sUvLBVYwPvabVEoGfHv4cQ="
    },
    "npm-run-path": {
      "version": "2.0.2",
      "resolved": "http://r.npm.sankuai.com/npm-run-path/download/npm-run-path-2.0.2.tgz",
      "integrity": "sha1-NakjLfo11wZ7TLLd8jV7GHFTbF8=",
      "requires": {
        "path-key": "2.0.1"
      }
    },
    "once": {
      "version": "1.4.0",
      "resolved": "http://r.npm.sankuai.com/once/download/once-1.4.0.tgz",
      "integrity": "sha1-WDsap3WWHUsROsF9nFC6753Xa9E=",
      "requires": {
        "wrappy": "1.0.2"
      }
    },
    "onetime": {
      "version": "2.0.1",
      "resolved": "http://r.npm.sankuai.com/onetime/download/onetime-2.0.1.tgz",
      "integrity": "sha1-BnQoIw/WdEOyeUsiu6UotoZ5YtQ=",
      "requires": {
        "mimic-fn": "1.2.0"
      }
    },
    "ora": {
      "version": "3.0.0",
      "resolved": "http://r.npm.sankuai.com/ora/download/ora-3.0.0.tgz",
      "integrity": "sha1-gXnjUluar9mSQtY8wgb9ZHMnQdA=",
      "requires": {
        "chalk": "2.4.1",
        "cli-cursor": "2.1.0",
        "cli-spinners": "1.3.1",
        "log-symbols": "2.2.0",
        "strip-ansi": "4.0.0",
        "wcwidth": "1.0.1"
      }
    },
    "os-tmpdir": {
      "version": "1.0.2",
      "resolved": "http://r.npm.sankuai.com/os-tmpdir/download/os-tmpdir-1.0.2.tgz",
      "integrity": "sha1-u+Z0BseaqFxc/sdm/lc0VV36EnQ="
    },
    "p-finally": {
      "version": "1.0.0",
      "resolved": "http://r.npm.sankuai.com/p-finally/download/p-finally-1.0.0.tgz",
      "integrity": "sha1-P7z7FbiZpEEjs0ttzBi3JDNqLK4="
    },
    "path-is-absolute": {
      "version": "1.0.1",
      "resolved": "http://r.npm.sankuai.com/path-is-absolute/download/path-is-absolute-1.0.1.tgz",
      "integrity": "sha1-F0uSaHNVNP+8es5r9TpanhtcX18="
    },
    "path-key": {
      "version": "2.0.1",
      "resolved": "http://r.npm.sankuai.com/path-key/download/path-key-2.0.1.tgz",
      "integrity": "sha1-QRyttXTFoUDTpLGRDUDYDMn0C0A="
    },
    "pend": {
      "version": "1.2.0",
      "resolved": "http://r.npm.sankuai.com/pend/download/pend-1.2.0.tgz",
      "integrity": "sha1-elfrVQpng/kRUzH89GY9XI4AelA="
    },
    "process-nextick-args": {
      "version": "2.0.0",
      "resolved": "http://r.npm.sankuai.com/process-nextick-args/download/process-nextick-args-2.0.0.tgz",
      "integrity": "sha1-o31zL0JxtKsa0HDTVQjoKQeI/6o="
    },
    "progress": {
      "version": "2.0.0",
      "resolved": "http://r.npm.sankuai.com/progress/download/progress-2.0.0.tgz",
      "integrity": "sha1-ihvjZr+Pwj2yvSPxDG/pILQ4nR8="
    },
    "proxy-from-env": {
      "version": "1.0.0",
      "resolved": "http://r.npm.sankuai.com/proxy-from-env/download/proxy-from-env-1.0.0.tgz",
      "integrity": "sha1-M8UDmPcOp+uW0h97gXYwpVeRx+4="
    },
    "puppeteer": {
      "version": "1.6.1",
      "resolved": "http://r.npm.sankuai.com/puppeteer/download/puppeteer-1.6.1.tgz",
      "integrity": "sha1-rlACG/iyFyvo+NeSJL7CFfGgx8c=",
      "requires": {
        "debug": "3.1.0",
        "extract-zip": "1.6.7",
        "https-proxy-agent": "2.2.1",
        "mime": "2.3.1",
        "progress": "2.0.0",
        "proxy-from-env": "1.0.0",
        "rimraf": "2.6.2",
        "ws": "5.2.2"
      }
    },
    "readable-stream": {
      "version": "2.3.6",
      "resolved": "http://r.npm.sankuai.com/readable-stream/download/readable-stream-2.3.6.tgz",
      "integrity": "sha1-sRwn2IuP8fvgcGQ8+UsMea4bCq8=",
      "requires": {
        "core-util-is": "1.0.2",
        "inherits": "2.0.3",
        "isarray": "1.0.0",
        "process-nextick-args": "2.0.0",
        "safe-buffer": "5.1.2",
        "string_decoder": "1.1.1",
        "util-deprecate": "1.0.2"
      }
    },
    "restore-cursor": {
      "version": "2.0.0",
      "resolved": "http://r.npm.sankuai.com/restore-cursor/download/restore-cursor-2.0.0.tgz",
      "integrity": "sha1-n37ih/gv0ybU/RYpI9YhKe7g368=",
      "requires": {
        "onetime": "2.0.1",
        "signal-exit": "3.0.2"
      }
    },
    "rimraf": {
      "version": "2.6.2",
      "resolved": "http://r.npm.sankuai.com/rimraf/download/rimraf-2.6.2.tgz",
      "integrity": "sha1-LtgVDSShbqhlHm1u8PR8QVjOejY=",
      "requires": {
        "glob": "7.1.2"
      }
    },
    "run-async": {
      "version": "2.3.0",
      "resolved": "http://r.npm.sankuai.com/run-async/download/run-async-2.3.0.tgz",
      "integrity": "sha1-A3GrSuC91yDUFm19/aZP96RFpsA=",
      "requires": {
        "is-promise": "2.1.0"
      }
    },
    "rxjs": {
      "version": "5.5.11",
      "resolved": "http://r.npm.sankuai.com/rxjs/download/rxjs-5.5.11.tgz",
      "integrity": "sha1-9zMCfKQ+O+xrmURzvkq5itQ87Yc=",
      "requires": {
        "symbol-observable": "1.0.1"
      }
    },
    "safe-buffer": {
      "version": "5.1.2",
      "resolved": "http://r.npm.sankuai.com/safe-buffer/download/safe-buffer-5.1.2.tgz",
      "integrity": "sha1-mR7GnSluAxN0fVm9/St0XDX4go0="
    },
    "safer-buffer": {
      "version": "2.1.2",
      "resolved": "http://r.npm.sankuai.com/safer-buffer/download/safer-buffer-2.1.2.tgz",
      "integrity": "sha1-RPoWGwGHuVSd2Eu5GAL5vYOFzWo="
    },
    "semver": {
      "version": "5.5.0",
      "resolved": "http://r.npm.sankuai.com/semver/download/semver-5.5.0.tgz",
      "integrity": "sha1-3Eu8emyp2Rbe5dQ1FvAJK1j3uKs="
    },
    "shebang-command": {
      "version": "1.2.0",
      "resolved": "http://r.npm.sankuai.com/shebang-command/download/shebang-command-1.2.0.tgz",
      "integrity": "sha1-RKrGW2lbAzmJaMOfNj/uXer98eo=",
      "requires": {
        "shebang-regex": "1.0.0"
      }
    },
    "shebang-regex": {
      "version": "1.0.0",
      "resolved": "http://r.npm.sankuai.com/shebang-regex/download/shebang-regex-1.0.0.tgz",
      "integrity": "sha1-2kL0l0DAtC2yypcoVxyxkMmO/qM="
    },
    "signal-exit": {
      "version": "3.0.2",
      "resolved": "http://r.npm.sankuai.com/signal-exit/download/signal-exit-3.0.2.tgz",
      "integrity": "sha1-tf3AjxKH6hF4Yo5BXiUTK3NkbG0="
    },
    "streamroller": {
      "version": "0.7.0",
      "resolved": "http://r.npm.sankuai.com/streamroller/download/streamroller-0.7.0.tgz",
      "integrity": "sha1-odG3z4PTmvsNYwSaWsv5NJO99ks=",
      "requires": {
        "date-format": "1.2.0",
        "debug": "3.1.0",
        "mkdirp": "0.5.1",
        "readable-stream": "2.3.6"
      }
    },
    "string-width": {
      "version": "2.1.1",
      "resolved": "http://r.npm.sankuai.com/string-width/download/string-width-2.1.1.tgz",
      "integrity": "sha1-q5Pyeo3BPSjKyBXEYhQ6bZASrp4=",
      "requires": {
        "is-fullwidth-code-point": "2.0.0",
        "strip-ansi": "4.0.0"
      }
    },
    "string_decoder": {
      "version": "1.1.1",
      "resolved": "http://r.npm.sankuai.com/string_decoder/download/string_decoder-1.1.1.tgz",
      "integrity": "sha1-nPFhG6YmhdcDCunkujQUnDrwP8g=",
      "requires": {
        "safe-buffer": "5.1.2"
      }
    },
    "strip-ansi": {
      "version": "4.0.0",
      "resolved": "http://r.npm.sankuai.com/strip-ansi/download/strip-ansi-4.0.0.tgz",
      "integrity": "sha1-qEeQIusaw2iocTibY1JixQXuNo8=",
      "requires": {
        "ansi-regex": "3.0.0"
      }
    },
    "strip-eof": {
      "version": "1.0.0",
      "resolved": "http://r.npm.sankuai.com/strip-eof/download/strip-eof-1.0.0.tgz",
      "integrity": "sha1-u0P/VZim6wXYm1n80SnJgzE2Br8="
    },
    "supports-color": {
      "version": "5.4.0",
      "resolved": "http://r.npm.sankuai.com/supports-color/download/supports-color-5.4.0.tgz",
      "integrity": "sha1-HGszdALCE3YF7+GfEP7DkPb6q1Q=",
      "requires": {
        "has-flag": "3.0.0"
      }
    },
    "symbol-observable": {
      "version": "1.0.1",
      "resolved": "http://r.npm.sankuai.com/symbol-observable/download/symbol-observable-1.0.1.tgz",
      "integrity": "sha1-g0D8RwLDEi310iKI+IKD9RPT/dQ="
    },
    "through": {
      "version": "2.3.8",
      "resolved": "http://r.npm.sankuai.com/through/download/through-2.3.8.tgz",
      "integrity": "sha1-DdTJ/6q8NXlgsbckEV1+Doai4fU="
    },
    "tmp": {
      "version": "0.0.33",
      "resolved": "http://r.npm.sankuai.com/tmp/download/tmp-0.0.33.tgz",
      "integrity": "sha1-bTQzWIl2jSGyvNoKonfO07G/rfk=",
      "requires": {
        "os-tmpdir": "1.0.2"
      }
    },
    "typedarray": {
      "version": "0.0.6",
      "resolved": "http://r.npm.sankuai.com/typedarray/download/typedarray-0.0.6.tgz",
      "integrity": "sha1-hnrHTjhkGHsdPUfZlqeOxciDB3c="
    },
    "util-deprecate": {
      "version": "1.0.2",
      "resolved": "http://r.npm.sankuai.com/util-deprecate/download/util-deprecate-1.0.2.tgz",
      "integrity": "sha1-RQ1Nyfpw3nMnYvvS1KKJgUGaDM8="
    },
    "wcwidth": {
      "version": "1.0.1",
      "resolved": "http://r.npm.sankuai.com/wcwidth/download/wcwidth-1.0.1.tgz",
      "integrity": "sha1-8LDc+RW8X/FSivrbLA4XtTLaL+g=",
      "requires": {
        "defaults": "1.0.3"
      }
    },
    "which": {
      "version": "1.3.1",
      "resolved": "http://r.npm.sankuai.com/which/download/which-1.3.1.tgz",
      "integrity": "sha1-pFBD1U9YBTFtqNYvn1CRjT2nCwo=",
      "requires": {
        "isexe": "2.0.0"
      }
    },
    "wrappy": {
      "version": "1.0.2",
      "resolved": "http://r.npm.sankuai.com/wrappy/download/wrappy-1.0.2.tgz",
      "integrity": "sha1-tSQ9jz7BqjXxNkYFvA0QNuMKtp8="
    },
    "ws": {
      "version": "5.2.2",
      "resolved": "http://r.npm.sankuai.com/ws/download/ws-5.2.2.tgz",
      "integrity": "sha1-3/7xSGa46NyRM1glFNG++vlumA8=",
      "requires": {
        "async-limiter": "1.0.0"
      }
    },
    "yauzl": {
      "version": "2.4.1",
      "resolved": "http://r.npm.sankuai.com/yauzl/download/yauzl-2.4.1.tgz",
      "integrity": "sha1-lSj0QtqxsihOWLQ3m7GU4i4MQAU=",
      "requires": {
        "fd-slicer": "1.0.1"
      }
    }
  }
}
